PODS:
  - Alamofire (5.2.2)
  - Differentiator (4.0.1)
  - Hero (1.5.0)
  - lottie-ios (3.1.8)
  - Moya (14.0.0):
    - Moya/Core (= 14.0.0)
  - Moya/Core (14.0.0):
    - Alamofire (~> 5.0)
  - RAMAnimatedTabBarController (5.2.0)
  - Reusable (4.1.1):
    - Reusable/Storyboard (= 4.1.1)
    - Reusable/View (= 4.1.1)
  - Reusable/Storyboard (4.1.1)
  - Reusable/View (4.1.1)
  - RxCocoa (5.1.1):
    - RxRelay (~> 5)
    - RxSwift (~> 5)
  - RxDataSources (4.0.1):
    - Differentiator (~> 4.0)
    - RxCocoa (~> 5.0)
    - RxSwift (~> 5.0)
  - RxRelay (5.1.1):
    - RxSwift (~> 5)
  - RxSwift (5.1.1)
  - SDWebImage (5.8.4):
    - SDWebImage/Core (= 5.8.4)
  - SDWebImage/Core (5.8.4)
  - SVProgressHUD (2.2.5)
  - SwiftGen (6.2.1)

DEPENDENCIES:
  - Alamofire
  - Hero
  - lottie-ios
  - Moya
  - RAMAnimatedTabBarController
  - Reusable
  - RxCocoa
  - RxDataSources
  - RxSwift
  - SDWebImage
  - SVProgressHUD
  - SwiftGen

SPEC REPOS:
  trunk:
    - Alamofire
    - Differentiator
    - Hero
    - lottie-ios
    - Moya
    - RAMAnimatedTabBarController
    - Reusable
    - RxCocoa
    - RxDataSources
    - RxRelay
    - RxSwift
    - SDWebImage
    - SVProgressHUD
    - SwiftGen

SPEC CHECKSUMS:
  Alamofire: 814429acc853c6c54ff123fc3d2ef66803823ce0
  Differentiator: 886080237d9f87f322641dedbc5be257061b0602
  Hero: b7385b75e7259da62f4f85462f59a5082d66b058
  lottie-ios: 48fac6be217c76937e36e340e2d09cf7b10b7f5f
  Moya: 5b45dacb75adb009f97fde91c204c1e565d31916
  RAMAnimatedTabBarController: 6863a386e7ae2ab227cd60aa73ab8ff56cdacfdd
  Reusable: 53a9acf5c536f229b31b5865782414b508252ddb
  RxCocoa: 32065309a38d29b5b0db858819b5bf9ef038b601
  RxDataSources: efee07fa4de48477eca0a4611e6d11e2da9c1114
  RxRelay: d77f7d771495f43c556cbc43eebd1bb54d01e8e9
  RxSwift: 81470a2074fa8780320ea5fe4102807cb7118178
  SDWebImage: cf6922231e95550934da2ada0f20f2becf2ceba9
  SVProgressHUD: 1428aafac632c1f86f62aa4243ec12008d7a51d6
  SwiftGen: 62e69d127507be1538d4263e137b2290cd6ab272

PODFILE CHECKSUM: 284db10941658839874f899381315f244a0b13e0

COCOAPODS: 1.8.4
